
Microsoft Visual Studio Solution File, Format Version 12.00
# Visual Studio Version 17
VisualStudioVersion = 17.5.002.0
MinimumVisualStudioVersion = 10.0.40219.1
Project("{9A19103F-16F7-4668-BE54-9A1E7A4F7556}") = "DesafioPOO", "DesafioPOO.csproj", "{CAF94BCF-3DBE-41EE-A558-C14E1ABA63F9}"
EndProject
Global
	GlobalSection(SolutionConfigurationPlatforms) = preSolution
		Debug|Any CPU = Debug|Any CPU
		Release|Any CPU = Release|Any CPU
	EndGlobalSection
	GlobalSection(ProjectConfigurationPlatforms) = postSolution
		{CAF94BCF-3DBE-41EE-A558-C14E1ABA63F9}.Debug|Any CPU.ActiveCfg = Debug|Any CPU
		{CAF94BCF-3DBE-41EE-A558-C14E1ABA63F9}.Debug|Any CPU.Build.0 = Debug|Any CPU
		{CAF94BCF-3DBE-41EE-A558-C14E1ABA63F9}.Release|Any CPU.ActiveCfg = Release|Any CPU
		{CAF94BCF-3DBE-41EE-A558-C14E1ABA63F9}.Release|Any CPU.Build.0 = Release|Any CPU
	EndGlobalSection
	GlobalSection(SolutionProperties) = preSolution
		HideSolutionNode = FALSE
	EndGlobalSection
	GlobalSection(ExtensibilityGlobals) = postSolution
		SolutionGuid = {BC2C7BA7-71C0-41F9-842C-6FA41E622CFE}
	EndGlobalSection
EndGlobal
